<?xml version="1.0" encoding="UTF-8" standalone="yes" ?>
<CodeBlocks_project_file>
	<FileVersion major="1" minor="6" />
	<Project>
		<Option title="CISP430NoOOP" />
		<Option pch_mode="2" />
		<Option compiler="gcc" />
		<Build>
			<Target title="Debug">
				<Option output="bin/Debug/CISP430NoOOP" prefix_auto="1" extension_auto="1" />
				<Option object_output="obj/Debug/" />
				<Option type="1" />
				<Option compiler="gcc" />
				<Compiler>
					<Add option="-g" />
					<Add directory="include" />
				</Compiler>
			</Target>
			<Target title="Release">
				<Option output="bin/Release/CISP430NoOOP" prefix_auto="1" extension_auto="1" />
				<Option object_output="obj/Release/" />
				<Option type="1" />
				<Option compiler="gcc" />
				<Compiler>
					<Add option="-O2" />
					<Add directory="include" />
				</Compiler>
				<Linker>
					<Add option="-s" />
				</Linker>
			</Target>
		</Build>
		<Compiler>
			<Add option="-Wall" />
			<Add option="-fexceptions" />
		</Compiler>
		<Unit filename="avlTree.cpp" />
		<Unit filename="findPath.cpp" />
		<Unit filename="findPath.h" />
		<Unit filename="include/AbstractTree.h" />
		<Unit filename="include/HashArray.h" />
		<Unit filename="include/Heap.h" />
		<Unit filename="include/Queue.h" />
		<Unit filename="include/QueueNode.h" />
		<Unit filename="include/TravelHeap.h" />
		<Unit filename="include/TreeNode.h" />
		<Unit filename="linkedList.cpp" />
		<Unit filename="main.cpp" />
		<Unit filename="misc.cpp" />
		<Unit filename="misc.h" />
		<Unit filename="postfix.cpp" />
		<Unit filename="queue.cpp" />
		<Unit filename="searchSort.cpp" />
		<Unit filename="src/AbstractTree.cpp" />
		<Unit filename="src/HashArray.cpp" />
		<Unit filename="src/Heap.cpp" />
		<Unit filename="src/Queue.cpp" />
		<Unit filename="src/QueueNode.cpp" />
		<Unit filename="src/TravelHeap.cpp" />
		<Unit filename="src/TreeNode.cpp" />
		<Unit filename="string.cpp" />
		<Extensions>
			<code_completion />
			<envvars />
			<debugger />
		</Extensions>
	</Project>
</CodeBlocks_project_file>
